schema: '2.0'
stages:
  preprocess:
    cmd: python src/preprocess/user_input.py --config_path params.yaml
    deps:
    - path: src/preprocess/user_input.py
      hash: md5
      md5: afa4f95aa297404a0235ff99fbd796ab
      size: 1220
    params:
      params.yaml:
        dataset:
          path: data/Twitter/preprocessed/train.csv
          name: Twitter
          total_classes: 4
        preprocess:
          method: padding
          padding:
            padding: pre
            truncating: pre
            maxlen: 75
    outs:
    - path: src/artifacts/X.pkl
      hash: md5
      md5: be3b037f6846d73ce4d4b53d5ee4a540
      size: 20847165
    - path: src/artifacts/y.pkl
      hash: md5
      md5: 1634d33bb1ff2f1ae09573f19dd012b0
      size: 2223845
  train:
    cmd: python src/train/user_input.py --config_path params.yaml
    deps:
    - path: src/artifacts/X.pkl
      hash: md5
      md5: be3b037f6846d73ce4d4b53d5ee4a540
      size: 20847165
    - path: src/artifacts/y.pkl
      hash: md5
      md5: 1634d33bb1ff2f1ae09573f19dd012b0
      size: 2223845
    - path: src/train/user_input.py
      hash: md5
      md5: 1311b789ac0026977f18ff42cb8fa28d
      size: 3286
    params:
      params.yaml:
        model:
          architecture: rnn
          rnn:
            simple_rnn:
              units: 32
              input_shape:
                timesteps: 75
                input_nodes: 1
            dense:
              units: 32
              activation: softmax
          compile:
            loss: categorical_crossentropy
            optimizer: adam
            metrics:
            - accuracy
        train:
          epochs: 2
          batch_size: 128
          test_size: 0.2
    outs:
    - path: src/artifacts/production_model.keras
      hash: md5
      md5: 47a6b92a79089421e5790ab16bfbd7d0
      size: 55861
    - path: src/artifacts/trained_model_weights.h5
      hash: md5
      md5: 6fba5c710d6417a3a7adb9d5adbfa8c4
      size: 63280
